
Microsoft Visual Studio Solution File, Format Version 12.00
# Visual Studio 15
VisualStudioVersion = 15.0.28307.489
MinimumVisualStudioVersion = 10.0.40219.1
Project("{FAE04EC0-301F-11D3-BF4B-00C04F79EFBC}") = "Calculator", "Calculator\Calculator.csproj", "{A0851A92-74D4-4055-B16A-1C7AC71CE15A}"
EndProject
Global
	GlobalSection(SolutionConfigurationPlatforms) = preSolution
		Debug|Any CPU = Debug|Any CPU
		Debug|x64 = Debug|x64
		Release|Any CPU = Release|Any CPU
		Release|x64 = Release|x64
	EndGlobalSection
	GlobalSection(ProjectConfigurationPlatforms) = postSolution
		{A0851A92-74D4-4055-B16A-1C7AC71CE15A}.Debug|Any CPU.ActiveCfg = Debug|Any CPU
		{A0851A92-74D4-4055-B16A-1C7AC71CE15A}.Debug|Any CPU.Build.0 = Debug|Any CPU
		{A0851A92-74D4-4055-B16A-1C7AC71CE15A}.Debug|x64.ActiveCfg = Debug|x64
		{A0851A92-74D4-4055-B16A-1C7AC71CE15A}.Debug|x64.Build.0 = Debug|x64
		{A0851A92-74D4-4055-B16A-1C7AC71CE15A}.Release|Any CPU.ActiveCfg = Release|Any CPU
		{A0851A92-74D4-4055-B16A-1C7AC71CE15A}.Release|Any CPU.Build.0 = Release|Any CPU
		{A0851A92-74D4-4055-B16A-1C7AC71CE15A}.Release|x64.ActiveCfg = Release|x64
		{A0851A92-74D4-4055-B16A-1C7AC71CE15A}.Release|x64.Build.0 = Release|x64
	EndGlobalSection
	GlobalSection(SolutionProperties) = preSolution
		HideSolutionNode = FALSE
	EndGlobalSection
	GlobalSection(ExtensibilityGlobals) = postSolution
		SolutionGuid = {5B2751FD-1EBD-4F2B-A6FF-5E6E18428F88}
	EndGlobalSection
EndGlobal
